
Microsoft Visual Studio Solution File, Format Version 12.00
# Visual Studio 2013
VisualStudioVersion = 12.0.31101.0
MinimumVisualStudioVersion = 10.0.40219.1
Project("{FAE04EC0-301F-11D3-BF4B-00C04F79EFBC}") = "Charlie.Web.WordPress", "Charlie.Web.WordPress\Charlie.Web.WordPress.csproj", "{6A0313C0-35E7-4F97-9E00-423221E92379}"
EndProject
Project("{FAE04EC0-301F-11D3-BF4B-00C04F79EFBC}") = "Charlie.Web.WordPress.Tests", "Charlie.Web.WordPress.Tests\Charlie.Web.WordPress.Tests.csproj", "{CE8B6DD4-B0F4-41F2-BE84-5E5A0D056130}"
EndProject
Project("{FAE04EC0-301F-11D3-BF4B-00C04F79EFBC}") = "Charlie.Web.WordPress.Models", "Charlie.Web.WordPress.Models\Charlie.Web.WordPress.Models.csproj", "{869AD337-90ED-4343-9914-93CE57839490}"
EndProject
Project("{FAE04EC0-301F-11D3-BF4B-00C04F79EFBC}") = "Charlie.Web.WordPress.DataInterface", "Charlie.Web.WordPress.DataInterface\Charlie.Web.WordPress.DataInterface.csproj", "{6F616357-CEDD-45D4-9569-13380B74002C}"
EndProject
Project("{FAE04EC0-301F-11D3-BF4B-00C04F79EFBC}") = "Charlie.Web.WordPress.Extensions", "Charlie.Web.WordPress.Extensions\Charlie.Web.WordPress.Extensions.csproj", "{9EB4ABF6-0C81-4EDB-93DA-75EA72122263}"
EndProject
Global
	GlobalSection(SolutionConfigurationPlatforms) = preSolution
		Debug|Any CPU = Debug|Any CPU
		Release|Any CPU = Release|Any CPU
	EndGlobalSection
	GlobalSection(ProjectConfigurationPlatforms) = postSolution
		{6A0313C0-35E7-4F97-9E00-423221E92379}.Debug|Any CPU.ActiveCfg = Debug|Any CPU
		{6A0313C0-35E7-4F97-9E00-423221E92379}.Debug|Any CPU.Build.0 = Debug|Any CPU
		{6A0313C0-35E7-4F97-9E00-423221E92379}.Release|Any CPU.ActiveCfg = Release|Any CPU
		{6A0313C0-35E7-4F97-9E00-423221E92379}.Release|Any CPU.Build.0 = Release|Any CPU
		{CE8B6DD4-B0F4-41F2-BE84-5E5A0D056130}.Debug|Any CPU.ActiveCfg = Debug|Any CPU
		{CE8B6DD4-B0F4-41F2-BE84-5E5A0D056130}.Debug|Any CPU.Build.0 = Debug|Any CPU
		{CE8B6DD4-B0F4-41F2-BE84-5E5A0D056130}.Release|Any CPU.ActiveCfg = Release|Any CPU
		{CE8B6DD4-B0F4-41F2-BE84-5E5A0D056130}.Release|Any CPU.Build.0 = Release|Any CPU
		{869AD337-90ED-4343-9914-93CE57839490}.Debug|Any CPU.ActiveCfg = Debug|Any CPU
		{869AD337-90ED-4343-9914-93CE57839490}.Debug|Any CPU.Build.0 = Debug|Any CPU
		{869AD337-90ED-4343-9914-93CE57839490}.Release|Any CPU.ActiveCfg = Release|Any CPU
		{869AD337-90ED-4343-9914-93CE57839490}.Release|Any CPU.Build.0 = Release|Any CPU
		{6F616357-CEDD-45D4-9569-13380B74002C}.Debug|Any CPU.ActiveCfg = Debug|Any CPU
		{6F616357-CEDD-45D4-9569-13380B74002C}.Debug|Any CPU.Build.0 = Debug|Any CPU
		{6F616357-CEDD-45D4-9569-13380B74002C}.Release|Any CPU.ActiveCfg = Release|Any CPU
		{6F616357-CEDD-45D4-9569-13380B74002C}.Release|Any CPU.Build.0 = Release|Any CPU
		{9EB4ABF6-0C81-4EDB-93DA-75EA72122263}.Debug|Any CPU.ActiveCfg = Debug|Any CPU
		{9EB4ABF6-0C81-4EDB-93DA-75EA72122263}.Debug|Any CPU.Build.0 = Debug|Any CPU
		{9EB4ABF6-0C81-4EDB-93DA-75EA72122263}.Release|Any CPU.ActiveCfg = Release|Any CPU
		{9EB4ABF6-0C81-4EDB-93DA-75EA72122263}.Release|Any CPU.Build.0 = Release|Any CPU
	EndGlobalSection
	GlobalSection(SolutionProperties) = preSolution
		HideSolutionNode = FALSE
	EndGlobalSection
	GlobalSection(Performance) = preSolution
		HasPerformanceSessions = true
	EndGlobalSection
EndGlobal
